
Microsoft Visual Studio Solution File, Format Version 12.00
# Visual Studio Version 17
VisualStudioVersion = 17.7.34018.315
MinimumVisualStudioVersion = 10.0.40219.1
Project("{9A19103F-16F7-4668-BE54-9A1E7A4F7556}") = "Core.Persistence", "Core.Persistence\Core.Persistence.csproj", "{3A702937-364C-4131-B943-A47DE1E611D5}"
EndProject
Project("{FAE04EC0-301F-11D3-BF4B-00C04F79EFBC}") = "Core.Application", "Core.Application\Core.Application.csproj", "{172BD9EA-0DA6-4DB7-AB74-194B0B6311C4}"
EndProject
Global
	GlobalSection(SolutionConfigurationPlatforms) = preSolution
		Debug|Any CPU = Debug|Any CPU
		Release|Any CPU = Release|Any CPU
	EndGlobalSection
	GlobalSection(ProjectConfigurationPlatforms) = postSolution
		{3A702937-364C-4131-B943-A47DE1E611D5}.Debug|Any CPU.ActiveCfg = Debug|Any CPU
		{3A702937-364C-4131-B943-A47DE1E611D5}.Debug|Any CPU.Build.0 = Debug|Any CPU
		{3A702937-364C-4131-B943-A47DE1E611D5}.Release|Any CPU.ActiveCfg = Release|Any CPU
		{3A702937-364C-4131-B943-A47DE1E611D5}.Release|Any CPU.Build.0 = Release|Any CPU
		{172BD9EA-0DA6-4DB7-AB74-194B0B6311C4}.Debug|Any CPU.ActiveCfg = Debug|Any CPU
		{172BD9EA-0DA6-4DB7-AB74-194B0B6311C4}.Debug|Any CPU.Build.0 = Debug|Any CPU
		{172BD9EA-0DA6-4DB7-AB74-194B0B6311C4}.Release|Any CPU.ActiveCfg = Release|Any CPU
		{172BD9EA-0DA6-4DB7-AB74-194B0B6311C4}.Release|Any CPU.Build.0 = Release|Any CPU
	EndGlobalSection
	GlobalSection(SolutionProperties) = preSolution
		HideSolutionNode = FALSE
	EndGlobalSection
	GlobalSection(ExtensibilityGlobals) = postSolution
		SolutionGuid = {418A26A3-3F8D-42B6-805B-B3215622BC31}
	EndGlobalSection
EndGlobal
